
Microsoft Visual Studio Solution File, Format Version 12.00
# Visual Studio 2012
Project("{FAE04EC0-301F-11D3-BF4B-00C04F79EFBC}") = "BaldurSuchtFiona", "BaldurSuchtFiona\BaldurSuchtFiona.csproj", "{AFDAD4AF-3069-4E55-AC7A-848ECFD2919F}"
EndProject
Global
	GlobalSection(SolutionConfigurationPlatforms) = preSolution
		Debug|x86 = Debug|x86
		Release|x86 = Release|x86
	EndGlobalSection
	GlobalSection(ProjectConfigurationPlatforms) = postSolution
		{AFDAD4AF-3069-4E55-AC7A-848ECFD2919F}.Debug|x86.ActiveCfg = Debug|x86
		{AFDAD4AF-3069-4E55-AC7A-848ECFD2919F}.Debug|x86.Build.0 = Debug|x86
		{AFDAD4AF-3069-4E55-AC7A-848ECFD2919F}.Release|x86.ActiveCfg = Release|x86
		{AFDAD4AF-3069-4E55-AC7A-848ECFD2919F}.Release|x86.Build.0 = Release|x86
	EndGlobalSection
EndGlobal
